
Microsoft Visual Studio Solution File, Format Version 12.00
# Visual Studio Version 17
VisualStudioVersion = 17.7.34018.315
MinimumVisualStudioVersion = 10.0.40219.1
Project("{888888A0-9F3D-457C-B088-3A5042F75D52}") = "1-1", "1-1\1-1.pyproj", "{8754F7BB-C8F1-4CEC-A623-E0BA16A07E8A}"
EndProject
Project("{888888A0-9F3D-457C-B088-3A5042F75D52}") = "1-2", "1-2\1-2.pyproj", "{52008E64-8A1C-4762-8FD1-176CE007C354}"
EndProject
Project("{888888A0-9F3D-457C-B088-3A5042F75D52}") = "1-3", "1-3\1-3.pyproj", "{F1D86182-FD8B-4AE9-8AB4-F6ECF79F87CE}"
EndProject
Global
	GlobalSection(SolutionConfigurationPlatforms) = preSolution
		Debug|Any CPU = Debug|Any CPU
		Release|Any CPU = Release|Any CPU
	EndGlobalSection
	GlobalSection(ProjectConfigurationPlatforms) = postSolution
		{8754F7BB-C8F1-4CEC-A623-E0BA16A07E8A}.Debug|Any CPU.ActiveCfg = Debug|Any CPU
		{8754F7BB-C8F1-4CEC-A623-E0BA16A07E8A}.Release|Any CPU.ActiveCfg = Release|Any CPU
		{52008E64-8A1C-4762-8FD1-176CE007C354}.Debug|Any CPU.ActiveCfg = Debug|Any CPU
		{52008E64-8A1C-4762-8FD1-176CE007C354}.Release|Any CPU.ActiveCfg = Release|Any CPU
		{F1D86182-FD8B-4AE9-8AB4-F6ECF79F87CE}.Debug|Any CPU.ActiveCfg = Debug|Any CPU
		{F1D86182-FD8B-4AE9-8AB4-F6ECF79F87CE}.Release|Any CPU.ActiveCfg = Release|Any CPU
	EndGlobalSection
	GlobalSection(SolutionProperties) = preSolution
		HideSolutionNode = FALSE
	EndGlobalSection
	GlobalSection(ExtensibilityGlobals) = postSolution
		SolutionGuid = {680205F2-13B7-40DF-980B-6BDB4A769304}
	EndGlobalSection
EndGlobal
